{
  "object": {
    "pins": [
      {
        "package": "CCTensorFlow",
        "repositoryURL": "git@github.com:Octadero/CCTensorFlow.git",
        "state": {
          "branch": null,
          "revision": "fd858d7fdfbd3a40a58c2e8eaee7e6107e2e428c",
          "version": "0.0.9"
        }
      },
      {
        "package": "CProtobuf",
        "repositoryURL": "git@github.com:Octadero/CProtobuf.git",
        "state": {
          "branch": null,
          "revision": "6cf5e0bd6d5eb9bd5e5ec0a4d27cf18c33e500fd",
          "version": "3.4.1"
        }
      },
      {
        "package": "CTensorFlow",
        "repositoryURL": "git@github.com:Octadero/CTensorFlow.git",
        "state": {
          "branch": null,
          "revision": "b99910e53aaf935b14b1ff99274a3d624b098594",
          "version": "0.1.6"
        }
      },
      {
        "package": "SwiftProtobuf",
        "repositoryURL": "https://github.com/apple/swift-protobuf.git",
        "state": {
          "branch": null,
          "revision": "1dacc00fadc8b793e442cdc20b85fc182d1ed624",
          "version": "1.0.0"
        }
      }
    ]
  },
  "version": 1
}
